
Microsoft Visual Studio Solution File, Format Version 12.00
# Visual Studio Version 17
VisualStudioVersion = 17.7.34221.43
MinimumVisualStudioVersion = 10.0.40219.1
Project("{FAE04EC0-301F-11D3-BF4B-00C04F79EFBC}") = "Sortowanko Binarne", "Sortowanko Binarne\Sortowanko Binarne.csproj", "{6BEF6457-BB5A-480C-B0E9-772C2D370E76}"
EndProject
Global
	GlobalSection(SolutionConfigurationPlatforms) = preSolution
		Debug|Any CPU = Debug|Any CPU
		Release|Any CPU = Release|Any CPU
	EndGlobalSection
	GlobalSection(ProjectConfigurationPlatforms) = postSolution
		{6BEF6457-BB5A-480C-B0E9-772C2D370E76}.Debug|Any CPU.ActiveCfg = Debug|Any CPU
		{6BEF6457-BB5A-480C-B0E9-772C2D370E76}.Debug|Any CPU.Build.0 = Debug|Any CPU
		{6BEF6457-BB5A-480C-B0E9-772C2D370E76}.Release|Any CPU.ActiveCfg = Release|Any CPU
		{6BEF6457-BB5A-480C-B0E9-772C2D370E76}.Release|Any CPU.Build.0 = Release|Any CPU
	EndGlobalSection
	GlobalSection(SolutionProperties) = preSolution
		HideSolutionNode = FALSE
	EndGlobalSection
	GlobalSection(ExtensibilityGlobals) = postSolution
		SolutionGuid = {4303BCD0-4AE5-41C3-B08D-916F55C101A9}
	EndGlobalSection
EndGlobal
